
Microsoft Visual Studio Solution File, Format Version 12.00
# Visual Studio Version 16
VisualStudioVersion = 16.0.30320.27
MinimumVisualStudioVersion = 10.0.40219.1
Project("{8BC9CEB8-8B4A-11D0-8D11-00A0C91BC942}") = "01", "01\01.vcxproj", "{3EC0CB36-1074-4317-857F-F3D584598BF7}"
EndProject
Project("{8BC9CEB8-8B4A-11D0-8D11-00A0C91BC942}") = "02", "02\02.vcxproj", "{1F05EEDB-7F4B-4B77-AB71-CAC2D2254160}"
EndProject
Project("{8BC9CEB8-8B4A-11D0-8D11-00A0C91BC942}") = "03", "03\03.vcxproj", "{FB72D7BF-C899-466A-9C95-30E842E6B108}"
EndProject
Project("{8BC9CEB8-8B4A-11D0-8D11-00A0C91BC942}") = "04", "04\04.vcxproj", "{AC6D8AE9-DFEF-4987-8417-3E4A7149C39C}"
EndProject
Project("{8BC9CEB8-8B4A-11D0-8D11-00A0C91BC942}") = "05", "05\05.vcxproj", "{D1C631C3-6A36-4D5A-A979-62CC52D5CA3C}"
EndProject
Project("{8BC9CEB8-8B4A-11D0-8D11-00A0C91BC942}") = "06", "06\06.vcxproj", "{09BC4D5F-0CD4-4F7B-9220-5BC06AE4D8E6}"
EndProject
Project("{8BC9CEB8-8B4A-11D0-8D11-00A0C91BC942}") = "07", "07\07.vcxproj", "{20785116-DC90-46A4-9BC4-7083F5D580CC}"
EndProject
Project("{8BC9CEB8-8B4A-11D0-8D11-00A0C91BC942}") = "08", "08\08.vcxproj", "{7CD1F377-0B9E-461F-A7B7-885BD3610F5E}"
EndProject
Project("{8BC9CEB8-8B4A-11D0-8D11-00A0C91BC942}") = "09", "09\09.vcxproj", "{4A83129C-B5E7-452E-B8BB-72F32DA35FCE}"
EndProject
Project("{8BC9CEB8-8B4A-11D0-8D11-00A0C91BC942}") = "10", "10\10.vcxproj", "{FC345835-0554-4D8D-A3A9-33064D92E33D}"
EndProject
Global
	GlobalSection(SolutionConfigurationPlatforms) = preSolution
		Debug|x64 = Debug|x64
		Debug|x86 = Debug|x86
		Release|x64 = Release|x64
		Release|x86 = Release|x86
	EndGlobalSection
	GlobalSection(ProjectConfigurationPlatforms) = postSolution
		{3EC0CB36-1074-4317-857F-F3D584598BF7}.Debug|x64.ActiveCfg = Debug|x64
		{3EC0CB36-1074-4317-857F-F3D584598BF7}.Debug|x64.Build.0 = Debug|x64
		{3EC0CB36-1074-4317-857F-F3D584598BF7}.Debug|x86.ActiveCfg = Debug|Win32
		{3EC0CB36-1074-4317-857F-F3D584598BF7}.Debug|x86.Build.0 = Debug|Win32
		{3EC0CB36-1074-4317-857F-F3D584598BF7}.Release|x64.ActiveCfg = Release|x64
		{3EC0CB36-1074-4317-857F-F3D584598BF7}.Release|x64.Build.0 = Release|x64
		{3EC0CB36-1074-4317-857F-F3D584598BF7}.Release|x86.ActiveCfg = Release|Win32
		{3EC0CB36-1074-4317-857F-F3D584598BF7}.Release|x86.Build.0 = Release|Win32
		{1F05EEDB-7F4B-4B77-AB71-CAC2D2254160}.Debug|x64.ActiveCfg = Debug|x64
		{1F05EEDB-7F4B-4B77-AB71-CAC2D2254160}.Debug|x64.Build.0 = Debug|x64
		{1F05EEDB-7F4B-4B77-AB71-CAC2D2254160}.Debug|x86.ActiveCfg = Debug|Win32
		{1F05EEDB-7F4B-4B77-AB71-CAC2D2254160}.Debug|x86.Build.0 = Debug|Win32
		{1F05EEDB-7F4B-4B77-AB71-CAC2D2254160}.Release|x64.ActiveCfg = Release|x64
		{1F05EEDB-7F4B-4B77-AB71-CAC2D2254160}.Release|x64.Build.0 = Release|x64
		{1F05EEDB-7F4B-4B77-AB71-CAC2D2254160}.Release|x86.ActiveCfg = Release|Win32
		{1F05EEDB-7F4B-4B77-AB71-CAC2D2254160}.Release|x86.Build.0 = Release|Win32
		{FB72D7BF-C899-466A-9C95-30E842E6B108}.Debug|x64.ActiveCfg = Debug|x64
		{FB72D7BF-C899-466A-9C95-30E842E6B108}.Debug|x64.Build.0 = Debug|x64
		{FB72D7BF-C899-466A-9C95-30E842E6B108}.Debug|x86.ActiveCfg = Debug|Win32
		{FB72D7BF-C899-466A-9C95-30E842E6B108}.Debug|x86.Build.0 = Debug|Win32
		{FB72D7BF-C899-466A-9C95-30E842E6B108}.Release|x64.ActiveCfg = Release|x64
		{FB72D7BF-C899-466A-9C95-30E842E6B108}.Release|x64.Build.0 = Release|x64
		{FB72D7BF-C899-466A-9C95-30E842E6B108}.Release|x86.ActiveCfg = Release|Win32
		{FB72D7BF-C899-466A-9C95-30E842E6B108}.Release|x86.Build.0 = Release|Win32
		{AC6D8AE9-DFEF-4987-8417-3E4A7149C39C}.Debug|x64.ActiveCfg = Debug|x64
		{AC6D8AE9-DFEF-4987-8417-3E4A7149C39C}.Debug|x64.Build.0 = Debug|x64
		{AC6D8AE9-DFEF-4987-8417-3E4A7149C39C}.Debug|x86.ActiveCfg = Debug|Win32
		{AC6D8AE9-DFEF-4987-8417-3E4A7149C39C}.Debug|x86.Build.0 = Debug|Win32
		{AC6D8AE9-DFEF-4987-8417-3E4A7149C39C}.Release|x64.ActiveCfg = Release|x64
		{AC6D8AE9-DFEF-4987-8417-3E4A7149C39C}.Release|x64.Build.0 = Release|x64
		{AC6D8AE9-DFEF-4987-8417-3E4A7149C39C}.Release|x86.ActiveCfg = Release|Win32
		{AC6D8AE9-DFEF-4987-8417-3E4A7149C39C}.Release|x86.Build.0 = Release|Win32
		{D1C631C3-6A36-4D5A-A979-62CC52D5CA3C}.Debug|x64.ActiveCfg = Debug|x64
		{D1C631C3-6A36-4D5A-A979-62CC52D5CA3C}.Debug|x64.Build.0 = Debug|x64
		{D1C631C3-6A36-4D5A-A979-62CC52D5CA3C}.Debug|x86.ActiveCfg = Debug|Win32
		{D1C631C3-6A36-4D5A-A979-62CC52D5CA3C}.Debug|x86.Build.0 = Debug|Win32
		{D1C631C3-6A36-4D5A-A979-62CC52D5CA3C}.Release|x64.ActiveCfg = Release|x64
		{D1C631C3-6A36-4D5A-A979-62CC52D5CA3C}.Release|x64.Build.0 = Release|x64
		{D1C631C3-6A36-4D5A-A979-62CC52D5CA3C}.Release|x86.ActiveCfg = Release|Win32
		{D1C631C3-6A36-4D5A-A979-62CC52D5CA3C}.Release|x86.Build.0 = Release|Win32
		{09BC4D5F-0CD4-4F7B-9220-5BC06AE4D8E6}.Debug|x64.ActiveCfg = Debug|x64
		{09BC4D5F-0CD4-4F7B-9220-5BC06AE4D8E6}.Debug|x64.Build.0 = Debug|x64
		{09BC4D5F-0CD4-4F7B-9220-5BC06AE4D8E6}.Debug|x86.ActiveCfg = Debug|Win32
		{09BC4D5F-0CD4-4F7B-9220-5BC06AE4D8E6}.Debug|x86.Build.0 = Debug|Win32
		{09BC4D5F-0CD4-4F7B-9220-5BC06AE4D8E6}.Release|x64.ActiveCfg = Release|x64
		{09BC4D5F-0CD4-4F7B-9220-5BC06AE4D8E6}.Release|x64.Build.0 = Release|x64
		{09BC4D5F-0CD4-4F7B-9220-5BC06AE4D8E6}.Release|x86.ActiveCfg = Release|Win32
		{09BC4D5F-0CD4-4F7B-9220-5BC06AE4D8E6}.Release|x86.Build.0 = Release|Win32
		{20785116-DC90-46A4-9BC4-7083F5D580CC}.Debug|x64.ActiveCfg = Debug|x64
		{20785116-DC90-46A4-9BC4-7083F5D580CC}.Debug|x64.Build.0 = Debug|x64
		{20785116-DC90-46A4-9BC4-7083F5D580CC}.Debug|x86.ActiveCfg = Debug|Win32
		{20785116-DC90-46A4-9BC4-7083F5D580CC}.Debug|x86.Build.0 = Debug|Win32
		{20785116-DC90-46A4-9BC4-7083F5D580CC}.Release|x64.ActiveCfg = Release|x64
		{20785116-DC90-46A4-9BC4-7083F5D580CC}.Release|x64.Build.0 = Release|x64
		{20785116-DC90-46A4-9BC4-7083F5D580CC}.Release|x86.ActiveCfg = Release|Win32
		{20785116-DC90-46A4-9BC4-7083F5D580CC}.Release|x86.Build.0 = Release|Win32
		{7CD1F377-0B9E-461F-A7B7-885BD3610F5E}.Debug|x64.ActiveCfg = Debug|x64
		{7CD1F377-0B9E-461F-A7B7-885BD3610F5E}.Debug|x64.Build.0 = Debug|x64
		{7CD1F377-0B9E-461F-A7B7-885BD3610F5E}.Debug|x86.ActiveCfg = Debug|Win32
		{7CD1F377-0B9E-461F-A7B7-885BD3610F5E}.Debug|x86.Build.0 = Debug|Win32
		{7CD1F377-0B9E-461F-A7B7-885BD3610F5E}.Release|x64.ActiveCfg = Release|x64
		{7CD1F377-0B9E-461F-A7B7-885BD3610F5E}.Release|x64.Build.0 = Release|x64
		{7CD1F377-0B9E-461F-A7B7-885BD3610F5E}.Release|x86.ActiveCfg = Release|Win32
		{7CD1F377-0B9E-461F-A7B7-885BD3610F5E}.Release|x86.Build.0 = Release|Win32
		{4A83129C-B5E7-452E-B8BB-72F32DA35FCE}.Debug|x64.ActiveCfg = Debug|x64
		{4A83129C-B5E7-452E-B8BB-72F32DA35FCE}.Debug|x64.Build.0 = Debug|x64
		{4A83129C-B5E7-452E-B8BB-72F32DA35FCE}.Debug|x86.ActiveCfg = Debug|Win32
		{4A83129C-B5E7-452E-B8BB-72F32DA35FCE}.Debug|x86.Build.0 = Debug|Win32
		{4A83129C-B5E7-452E-B8BB-72F32DA35FCE}.Release|x64.ActiveCfg = Release|x64
		{4A83129C-B5E7-452E-B8BB-72F32DA35FCE}.Release|x64.Build.0 = Release|x64
		{4A83129C-B5E7-452E-B8BB-72F32DA35FCE}.Release|x86.ActiveCfg = Release|Win32
		{4A83129C-B5E7-452E-B8BB-72F32DA35FCE}.Release|x86.Build.0 = Release|Win32
		{FC345835-0554-4D8D-A3A9-33064D92E33D}.Debug|x64.ActiveCfg = Debug|x64
		{FC345835-0554-4D8D-A3A9-33064D92E33D}.Debug|x64.Build.0 = Debug|x64
		{FC345835-0554-4D8D-A3A9-33064D92E33D}.Debug|x86.ActiveCfg = Debug|Win32
		{FC345835-0554-4D8D-A3A9-33064D92E33D}.Debug|x86.Build.0 = Debug|Win32
		{FC345835-0554-4D8D-A3A9-33064D92E33D}.Release|x64.ActiveCfg = Release|x64
		{FC345835-0554-4D8D-A3A9-33064D92E33D}.Release|x64.Build.0 = Release|x64
		{FC345835-0554-4D8D-A3A9-33064D92E33D}.Release|x86.ActiveCfg = Release|Win32
		{FC345835-0554-4D8D-A3A9-33064D92E33D}.Release|x86.Build.0 = Release|Win32
	EndGlobalSection
	GlobalSection(SolutionProperties) = preSolution
		HideSolutionNode = FALSE
	EndGlobalSection
	GlobalSection(ExtensibilityGlobals) = postSolution
		SolutionGuid = {9DF85E59-67C7-4E76-8D98-662E574BB56A}
	EndGlobalSection
EndGlobal
