
Microsoft Visual Studio Solution File, Format Version 12.00
# Visual Studio Version 16
VisualStudioVersion = 16.0.30204.135
MinimumVisualStudioVersion = 10.0.40219.1
Project("{8BC9CEB8-8B4A-11D0-8D11-00A0C91BC942}") = "20", "20\20.vcxproj", "{95ABCAE0-3069-4BBB-9C9E-B7626441C8A8}"
EndProject
Project("{8BC9CEB8-8B4A-11D0-8D11-00A0C91BC942}") = "21", "21\21.vcxproj", "{3D215341-8543-4086-948B-84BBA3832A90}"
EndProject
Project("{8BC9CEB8-8B4A-11D0-8D11-00A0C91BC942}") = "22", "22\22.vcxproj", "{B4BBF416-D658-4A16-8C7E-4CDCA98C991B}"
EndProject
Project("{8BC9CEB8-8B4A-11D0-8D11-00A0C91BC942}") = "24", "24\24.vcxproj", "{2A53A0DB-492F-468E-BC86-A167D1BC9004}"
EndProject
Project("{8BC9CEB8-8B4A-11D0-8D11-00A0C91BC942}") = "23", "23\23.vcxproj", "{3F65987F-AC74-4BB7-96C5-67BDB267C4A3}"
EndProject
Project("{8BC9CEB8-8B4A-11D0-8D11-00A0C91BC942}") = "25", "25\25.vcxproj", "{40197395-E211-48BE-A2F0-ADF058CF8D35}"
EndProject
Project("{8BC9CEB8-8B4A-11D0-8D11-00A0C91BC942}") = "26", "26\26.vcxproj", "{06F6CEBE-CD20-4606-84F3-7A05D7F3B009}"
EndProject
Project("{8BC9CEB8-8B4A-11D0-8D11-00A0C91BC942}") = "27", "27\27.vcxproj", "{466A38BD-0654-4DDA-A152-9859261A00BD}"
EndProject
Project("{8BC9CEB8-8B4A-11D0-8D11-00A0C91BC942}") = "28", "28\28.vcxproj", "{B36A715F-E908-4077-A0F3-5DF5B0C9930D}"
EndProject
Project("{8BC9CEB8-8B4A-11D0-8D11-00A0C91BC942}") = "29", "29\29.vcxproj", "{9AC72D3D-47FE-4BE7-886A-38A7BB5A06DA}"
EndProject
Project("{8BC9CEB8-8B4A-11D0-8D11-00A0C91BC942}") = "30", "30\30.vcxproj", "{C5EF46B7-FBB9-4D13-ACB7-2CC6EFEABC2D}"
EndProject
Global
	GlobalSection(SolutionConfigurationPlatforms) = preSolution
		Debug|x64 = Debug|x64
		Debug|x86 = Debug|x86
		Release|x64 = Release|x64
		Release|x86 = Release|x86
	EndGlobalSection
	GlobalSection(ProjectConfigurationPlatforms) = postSolution
		{95ABCAE0-3069-4BBB-9C9E-B7626441C8A8}.Debug|x64.ActiveCfg = Debug|x64
		{95ABCAE0-3069-4BBB-9C9E-B7626441C8A8}.Debug|x64.Build.0 = Debug|x64
		{95ABCAE0-3069-4BBB-9C9E-B7626441C8A8}.Debug|x86.ActiveCfg = Debug|Win32
		{95ABCAE0-3069-4BBB-9C9E-B7626441C8A8}.Debug|x86.Build.0 = Debug|Win32
		{95ABCAE0-3069-4BBB-9C9E-B7626441C8A8}.Release|x64.ActiveCfg = Release|x64
		{95ABCAE0-3069-4BBB-9C9E-B7626441C8A8}.Release|x64.Build.0 = Release|x64
		{95ABCAE0-3069-4BBB-9C9E-B7626441C8A8}.Release|x86.ActiveCfg = Release|Win32
		{95ABCAE0-3069-4BBB-9C9E-B7626441C8A8}.Release|x86.Build.0 = Release|Win32
		{3D215341-8543-4086-948B-84BBA3832A90}.Debug|x64.ActiveCfg = Debug|x64
		{3D215341-8543-4086-948B-84BBA3832A90}.Debug|x64.Build.0 = Debug|x64
		{3D215341-8543-4086-948B-84BBA3832A90}.Debug|x86.ActiveCfg = Debug|Win32
		{3D215341-8543-4086-948B-84BBA3832A90}.Debug|x86.Build.0 = Debug|Win32
		{3D215341-8543-4086-948B-84BBA3832A90}.Release|x64.ActiveCfg = Release|x64
		{3D215341-8543-4086-948B-84BBA3832A90}.Release|x64.Build.0 = Release|x64
		{3D215341-8543-4086-948B-84BBA3832A90}.Release|x86.ActiveCfg = Release|Win32
		{3D215341-8543-4086-948B-84BBA3832A90}.Release|x86.Build.0 = Release|Win32
		{B4BBF416-D658-4A16-8C7E-4CDCA98C991B}.Debug|x64.ActiveCfg = Debug|x64
		{B4BBF416-D658-4A16-8C7E-4CDCA98C991B}.Debug|x64.Build.0 = Debug|x64
		{B4BBF416-D658-4A16-8C7E-4CDCA98C991B}.Debug|x86.ActiveCfg = Debug|Win32
		{B4BBF416-D658-4A16-8C7E-4CDCA98C991B}.Debug|x86.Build.0 = Debug|Win32
		{B4BBF416-D658-4A16-8C7E-4CDCA98C991B}.Release|x64.ActiveCfg = Release|x64
		{B4BBF416-D658-4A16-8C7E-4CDCA98C991B}.Release|x64.Build.0 = Release|x64
		{B4BBF416-D658-4A16-8C7E-4CDCA98C991B}.Release|x86.ActiveCfg = Release|Win32
		{B4BBF416-D658-4A16-8C7E-4CDCA98C991B}.Release|x86.Build.0 = Release|Win32
		{2A53A0DB-492F-468E-BC86-A167D1BC9004}.Debug|x64.ActiveCfg = Debug|x64
		{2A53A0DB-492F-468E-BC86-A167D1BC9004}.Debug|x64.Build.0 = Debug|x64
		{2A53A0DB-492F-468E-BC86-A167D1BC9004}.Debug|x86.ActiveCfg = Debug|Win32
		{2A53A0DB-492F-468E-BC86-A167D1BC9004}.Debug|x86.Build.0 = Debug|Win32
		{2A53A0DB-492F-468E-BC86-A167D1BC9004}.Release|x64.ActiveCfg = Release|x64
		{2A53A0DB-492F-468E-BC86-A167D1BC9004}.Release|x64.Build.0 = Release|x64
		{2A53A0DB-492F-468E-BC86-A167D1BC9004}.Release|x86.ActiveCfg = Release|Win32
		{2A53A0DB-492F-468E-BC86-A167D1BC9004}.Release|x86.Build.0 = Release|Win32
		{3F65987F-AC74-4BB7-96C5-67BDB267C4A3}.Debug|x64.ActiveCfg = Debug|x64
		{3F65987F-AC74-4BB7-96C5-67BDB267C4A3}.Debug|x64.Build.0 = Debug|x64
		{3F65987F-AC74-4BB7-96C5-67BDB267C4A3}.Debug|x86.ActiveCfg = Debug|Win32
		{3F65987F-AC74-4BB7-96C5-67BDB267C4A3}.Debug|x86.Build.0 = Debug|Win32
		{3F65987F-AC74-4BB7-96C5-67BDB267C4A3}.Release|x64.ActiveCfg = Release|x64
		{3F65987F-AC74-4BB7-96C5-67BDB267C4A3}.Release|x64.Build.0 = Release|x64
		{3F65987F-AC74-4BB7-96C5-67BDB267C4A3}.Release|x86.ActiveCfg = Release|Win32
		{3F65987F-AC74-4BB7-96C5-67BDB267C4A3}.Release|x86.Build.0 = Release|Win32
		{40197395-E211-48BE-A2F0-ADF058CF8D35}.Debug|x64.ActiveCfg = Debug|x64
		{40197395-E211-48BE-A2F0-ADF058CF8D35}.Debug|x64.Build.0 = Debug|x64
		{40197395-E211-48BE-A2F0-ADF058CF8D35}.Debug|x86.ActiveCfg = Debug|Win32
		{40197395-E211-48BE-A2F0-ADF058CF8D35}.Debug|x86.Build.0 = Debug|Win32
		{40197395-E211-48BE-A2F0-ADF058CF8D35}.Release|x64.ActiveCfg = Release|x64
		{40197395-E211-48BE-A2F0-ADF058CF8D35}.Release|x64.Build.0 = Release|x64
		{40197395-E211-48BE-A2F0-ADF058CF8D35}.Release|x86.ActiveCfg = Release|Win32
		{40197395-E211-48BE-A2F0-ADF058CF8D35}.Release|x86.Build.0 = Release|Win32
		{06F6CEBE-CD20-4606-84F3-7A05D7F3B009}.Debug|x64.ActiveCfg = Debug|x64
		{06F6CEBE-CD20-4606-84F3-7A05D7F3B009}.Debug|x64.Build.0 = Debug|x64
		{06F6CEBE-CD20-4606-84F3-7A05D7F3B009}.Debug|x86.ActiveCfg = Debug|Win32
		{06F6CEBE-CD20-4606-84F3-7A05D7F3B009}.Debug|x86.Build.0 = Debug|Win32
		{06F6CEBE-CD20-4606-84F3-7A05D7F3B009}.Release|x64.ActiveCfg = Release|x64
		{06F6CEBE-CD20-4606-84F3-7A05D7F3B009}.Release|x64.Build.0 = Release|x64
		{06F6CEBE-CD20-4606-84F3-7A05D7F3B009}.Release|x86.ActiveCfg = Release|Win32
		{06F6CEBE-CD20-4606-84F3-7A05D7F3B009}.Release|x86.Build.0 = Release|Win32
		{466A38BD-0654-4DDA-A152-9859261A00BD}.Debug|x64.ActiveCfg = Debug|x64
		{466A38BD-0654-4DDA-A152-9859261A00BD}.Debug|x64.Build.0 = Debug|x64
		{466A38BD-0654-4DDA-A152-9859261A00BD}.Debug|x86.ActiveCfg = Debug|Win32
		{466A38BD-0654-4DDA-A152-9859261A00BD}.Debug|x86.Build.0 = Debug|Win32
		{466A38BD-0654-4DDA-A152-9859261A00BD}.Release|x64.ActiveCfg = Release|x64
		{466A38BD-0654-4DDA-A152-9859261A00BD}.Release|x64.Build.0 = Release|x64
		{466A38BD-0654-4DDA-A152-9859261A00BD}.Release|x86.ActiveCfg = Release|Win32
		{466A38BD-0654-4DDA-A152-9859261A00BD}.Release|x86.Build.0 = Release|Win32
		{B36A715F-E908-4077-A0F3-5DF5B0C9930D}.Debug|x64.ActiveCfg = Debug|x64
		{B36A715F-E908-4077-A0F3-5DF5B0C9930D}.Debug|x64.Build.0 = Debug|x64
		{B36A715F-E908-4077-A0F3-5DF5B0C9930D}.Debug|x86.ActiveCfg = Debug|Win32
		{B36A715F-E908-4077-A0F3-5DF5B0C9930D}.Debug|x86.Build.0 = Debug|Win32
		{B36A715F-E908-4077-A0F3-5DF5B0C9930D}.Release|x64.ActiveCfg = Release|x64
		{B36A715F-E908-4077-A0F3-5DF5B0C9930D}.Release|x64.Build.0 = Release|x64
		{B36A715F-E908-4077-A0F3-5DF5B0C9930D}.Release|x86.ActiveCfg = Release|Win32
		{B36A715F-E908-4077-A0F3-5DF5B0C9930D}.Release|x86.Build.0 = Release|Win32
		{9AC72D3D-47FE-4BE7-886A-38A7BB5A06DA}.Debug|x64.ActiveCfg = Debug|x64
		{9AC72D3D-47FE-4BE7-886A-38A7BB5A06DA}.Debug|x64.Build.0 = Debug|x64
		{9AC72D3D-47FE-4BE7-886A-38A7BB5A06DA}.Debug|x86.ActiveCfg = Debug|Win32
		{9AC72D3D-47FE-4BE7-886A-38A7BB5A06DA}.Debug|x86.Build.0 = Debug|Win32
		{9AC72D3D-47FE-4BE7-886A-38A7BB5A06DA}.Release|x64.ActiveCfg = Release|x64
		{9AC72D3D-47FE-4BE7-886A-38A7BB5A06DA}.Release|x64.Build.0 = Release|x64
		{9AC72D3D-47FE-4BE7-886A-38A7BB5A06DA}.Release|x86.ActiveCfg = Release|Win32
		{9AC72D3D-47FE-4BE7-886A-38A7BB5A06DA}.Release|x86.Build.0 = Release|Win32
		{C5EF46B7-FBB9-4D13-ACB7-2CC6EFEABC2D}.Debug|x64.ActiveCfg = Debug|x64
		{C5EF46B7-FBB9-4D13-ACB7-2CC6EFEABC2D}.Debug|x64.Build.0 = Debug|x64
		{C5EF46B7-FBB9-4D13-ACB7-2CC6EFEABC2D}.Debug|x86.ActiveCfg = Debug|Win32
		{C5EF46B7-FBB9-4D13-ACB7-2CC6EFEABC2D}.Debug|x86.Build.0 = Debug|Win32
		{C5EF46B7-FBB9-4D13-ACB7-2CC6EFEABC2D}.Release|x64.ActiveCfg = Release|x64
		{C5EF46B7-FBB9-4D13-ACB7-2CC6EFEABC2D}.Release|x64.Build.0 = Release|x64
		{C5EF46B7-FBB9-4D13-ACB7-2CC6EFEABC2D}.Release|x86.ActiveCfg = Release|Win32
		{C5EF46B7-FBB9-4D13-ACB7-2CC6EFEABC2D}.Release|x86.Build.0 = Release|Win32
	EndGlobalSection
	GlobalSection(SolutionProperties) = preSolution
		HideSolutionNode = FALSE
	EndGlobalSection
	GlobalSection(ExtensibilityGlobals) = postSolution
		SolutionGuid = {60F050EE-2F8E-45B0-A120-3D43068555E5}
	EndGlobalSection
EndGlobal
