
Microsoft Visual Studio Solution File, Format Version 12.00
# Visual Studio Version 16
VisualStudioVersion = 16.0.30204.135
MinimumVisualStudioVersion = 10.0.40219.1
Project("{8BC9CEB8-8B4A-11D0-8D11-00A0C91BC942}") = "01", "01\01.vcxproj", "{9456D654-A1B5-4B8A-A550-1EE18CE6F09E}"
EndProject
Project("{8BC9CEB8-8B4A-11D0-8D11-00A0C91BC942}") = "02", "02\02.vcxproj", "{695097F4-06B7-4BAE-9B6A-43026D539B44}"
EndProject
Project("{8BC9CEB8-8B4A-11D0-8D11-00A0C91BC942}") = "03", "03\03.vcxproj", "{EC725E72-111E-4D28-82CE-B561C472846F}"
EndProject
Project("{8BC9CEB8-8B4A-11D0-8D11-00A0C91BC942}") = "04", "04\04.vcxproj", "{E99C5DF6-8351-49EA-A630-040F4CD8CFB1}"
EndProject
Project("{8BC9CEB8-8B4A-11D0-8D11-00A0C91BC942}") = "05", "05\05.vcxproj", "{E4EC0B02-7274-4709-B14A-6EB4849F9CFA}"
EndProject
Project("{8BC9CEB8-8B4A-11D0-8D11-00A0C91BC942}") = "06", "06\06.vcxproj", "{5141F63B-7A0C-4555-9D5C-6B87FCAEF52D}"
EndProject
Project("{8BC9CEB8-8B4A-11D0-8D11-00A0C91BC942}") = "07", "07\07.vcxproj", "{4B9FBDFB-A423-47B5-9BC0-4D88913561F5}"
EndProject
Project("{8BC9CEB8-8B4A-11D0-8D11-00A0C91BC942}") = "08", "08\08.vcxproj", "{0340590F-012E-41FE-985D-2A3BF7645181}"
EndProject
Project("{8BC9CEB8-8B4A-11D0-8D11-00A0C91BC942}") = "09", "09\09.vcxproj", "{02EF2EA5-9012-4415-B3A2-6CCBD108EB9F}"
EndProject
Project("{8BC9CEB8-8B4A-11D0-8D11-00A0C91BC942}") = "10", "10\10.vcxproj", "{5E30D066-9D7B-4A23-B4B7-2D7FEB0986D6}"
EndProject
Project("{8BC9CEB8-8B4A-11D0-8D11-00A0C91BC942}") = "11", "11\11.vcxproj", "{9066AC96-7E89-4051-9A8B-AD89E214586F}"
EndProject
Project("{8BC9CEB8-8B4A-11D0-8D11-00A0C91BC942}") = "12", "12\12.vcxproj", "{4C30B29C-CF25-4EF1-ABEC-7AC004F52CDC}"
EndProject
Project("{8BC9CEB8-8B4A-11D0-8D11-00A0C91BC942}") = "13", "13\13.vcxproj", "{AF4D03C4-C3B4-4F76-8F3C-F399ACE4BC8C}"
EndProject
Project("{8BC9CEB8-8B4A-11D0-8D11-00A0C91BC942}") = "14", "14\14.vcxproj", "{061E8EE7-285E-43F2-B54A-50BF6260141C}"
EndProject
Project("{8BC9CEB8-8B4A-11D0-8D11-00A0C91BC942}") = "15", "15\15.vcxproj", "{9E8DE25F-BD5C-444C-98DB-2061FA66CBEB}"
EndProject
Project("{8BC9CEB8-8B4A-11D0-8D11-00A0C91BC942}") = "16", "16\16.vcxproj", "{B3DC79C3-75DA-4B76-8237-EC1C2CB08A91}"
EndProject
Project("{8BC9CEB8-8B4A-11D0-8D11-00A0C91BC942}") = "17", "17\17.vcxproj", "{0697D4A2-8152-4898-893B-70DFE5240F60}"
EndProject
Project("{8BC9CEB8-8B4A-11D0-8D11-00A0C91BC942}") = "18", "18\18.vcxproj", "{72922FD0-7CC0-4646-B2ED-9C1DC25CFDB5}"
EndProject
Project("{8BC9CEB8-8B4A-11D0-8D11-00A0C91BC942}") = "19", "19\19.vcxproj", "{84C7511F-FB46-4811-B7D9-4E7B9C147EE9}"
EndProject
Project("{8BC9CEB8-8B4A-11D0-8D11-00A0C91BC942}") = "20", "20\20.vcxproj", "{6428C25C-A634-4EA9-A9D7-8B4E4F3CADFA}"
EndProject
Project("{8BC9CEB8-8B4A-11D0-8D11-00A0C91BC942}") = "21", "21\21.vcxproj", "{A06D5BCD-7DF7-4E5C-B836-96F962B64392}"
EndProject
Project("{8BC9CEB8-8B4A-11D0-8D11-00A0C91BC942}") = "22", "22\22.vcxproj", "{59206165-E50F-47C8-B3E5-8AF9F2B0AA9C}"
EndProject
Project("{8BC9CEB8-8B4A-11D0-8D11-00A0C91BC942}") = "23", "23\23.vcxproj", "{19D0D982-AF7A-46CE-B5EF-8776F41F49D0}"
EndProject
Project("{8BC9CEB8-8B4A-11D0-8D11-00A0C91BC942}") = "24", "24\24.vcxproj", "{EEFA87E2-FF82-4E0D-ABAE-23A850D442C1}"
EndProject
Project("{8BC9CEB8-8B4A-11D0-8D11-00A0C91BC942}") = "25", "25\25.vcxproj", "{B55536D8-CFDE-423A-87F7-8750AF2F38ED}"
EndProject
Project("{8BC9CEB8-8B4A-11D0-8D11-00A0C91BC942}") = "26", "26\26.vcxproj", "{1B4925C9-2E79-4F15-8C0C-9D56E4EED7E7}"
EndProject
Project("{8BC9CEB8-8B4A-11D0-8D11-00A0C91BC942}") = "27", "27\27.vcxproj", "{610BBEBC-D614-44E6-9B12-7C60F6CB19B4}"
EndProject
Project("{8BC9CEB8-8B4A-11D0-8D11-00A0C91BC942}") = "28", "28\28.vcxproj", "{F5F35699-9476-41E9-9C6A-8EFD4A98067C}"
EndProject
Project("{8BC9CEB8-8B4A-11D0-8D11-00A0C91BC942}") = "29", "29\29.vcxproj", "{B2060150-C1F2-48EF-A99C-4234BB025C00}"
EndProject
Project("{8BC9CEB8-8B4A-11D0-8D11-00A0C91BC942}") = "30", "30\30.vcxproj", "{76DA5836-0730-4EAB-8320-3E339F7A856E}"
EndProject
Project("{8BC9CEB8-8B4A-11D0-8D11-00A0C91BC942}") = "31", "31\31.vcxproj", "{4280A611-9DCA-4CC5-AB9B-E99DDEC7501F}"
EndProject
Global
	GlobalSection(SolutionConfigurationPlatforms) = preSolution
		Debug|x64 = Debug|x64
		Debug|x86 = Debug|x86
		Release|x64 = Release|x64
		Release|x86 = Release|x86
	EndGlobalSection
	GlobalSection(ProjectConfigurationPlatforms) = postSolution
		{9456D654-A1B5-4B8A-A550-1EE18CE6F09E}.Debug|x64.ActiveCfg = Debug|x64
		{9456D654-A1B5-4B8A-A550-1EE18CE6F09E}.Debug|x64.Build.0 = Debug|x64
		{9456D654-A1B5-4B8A-A550-1EE18CE6F09E}.Debug|x86.ActiveCfg = Debug|Win32
		{9456D654-A1B5-4B8A-A550-1EE18CE6F09E}.Debug|x86.Build.0 = Debug|Win32
		{9456D654-A1B5-4B8A-A550-1EE18CE6F09E}.Release|x64.ActiveCfg = Release|x64
		{9456D654-A1B5-4B8A-A550-1EE18CE6F09E}.Release|x64.Build.0 = Release|x64
		{9456D654-A1B5-4B8A-A550-1EE18CE6F09E}.Release|x86.ActiveCfg = Release|Win32
		{9456D654-A1B5-4B8A-A550-1EE18CE6F09E}.Release|x86.Build.0 = Release|Win32
		{695097F4-06B7-4BAE-9B6A-43026D539B44}.Debug|x64.ActiveCfg = Debug|x64
		{695097F4-06B7-4BAE-9B6A-43026D539B44}.Debug|x64.Build.0 = Debug|x64
		{695097F4-06B7-4BAE-9B6A-43026D539B44}.Debug|x86.ActiveCfg = Debug|Win32
		{695097F4-06B7-4BAE-9B6A-43026D539B44}.Debug|x86.Build.0 = Debug|Win32
		{695097F4-06B7-4BAE-9B6A-43026D539B44}.Release|x64.ActiveCfg = Release|x64
		{695097F4-06B7-4BAE-9B6A-43026D539B44}.Release|x64.Build.0 = Release|x64
		{695097F4-06B7-4BAE-9B6A-43026D539B44}.Release|x86.ActiveCfg = Release|Win32
		{695097F4-06B7-4BAE-9B6A-43026D539B44}.Release|x86.Build.0 = Release|Win32
		{EC725E72-111E-4D28-82CE-B561C472846F}.Debug|x64.ActiveCfg = Debug|x64
		{EC725E72-111E-4D28-82CE-B561C472846F}.Debug|x64.Build.0 = Debug|x64
		{EC725E72-111E-4D28-82CE-B561C472846F}.Debug|x86.ActiveCfg = Debug|Win32
		{EC725E72-111E-4D28-82CE-B561C472846F}.Debug|x86.Build.0 = Debug|Win32
		{EC725E72-111E-4D28-82CE-B561C472846F}.Release|x64.ActiveCfg = Release|x64
		{EC725E72-111E-4D28-82CE-B561C472846F}.Release|x64.Build.0 = Release|x64
		{EC725E72-111E-4D28-82CE-B561C472846F}.Release|x86.ActiveCfg = Release|Win32
		{EC725E72-111E-4D28-82CE-B561C472846F}.Release|x86.Build.0 = Release|Win32
		{E99C5DF6-8351-49EA-A630-040F4CD8CFB1}.Debug|x64.ActiveCfg = Debug|x64
		{E99C5DF6-8351-49EA-A630-040F4CD8CFB1}.Debug|x64.Build.0 = Debug|x64
		{E99C5DF6-8351-49EA-A630-040F4CD8CFB1}.Debug|x86.ActiveCfg = Debug|Win32
		{E99C5DF6-8351-49EA-A630-040F4CD8CFB1}.Debug|x86.Build.0 = Debug|Win32
		{E99C5DF6-8351-49EA-A630-040F4CD8CFB1}.Release|x64.ActiveCfg = Release|x64
		{E99C5DF6-8351-49EA-A630-040F4CD8CFB1}.Release|x64.Build.0 = Release|x64
		{E99C5DF6-8351-49EA-A630-040F4CD8CFB1}.Release|x86.ActiveCfg = Release|Win32
		{E99C5DF6-8351-49EA-A630-040F4CD8CFB1}.Release|x86.Build.0 = Release|Win32
		{E4EC0B02-7274-4709-B14A-6EB4849F9CFA}.Debug|x64.ActiveCfg = Debug|x64
		{E4EC0B02-7274-4709-B14A-6EB4849F9CFA}.Debug|x64.Build.0 = Debug|x64
		{E4EC0B02-7274-4709-B14A-6EB4849F9CFA}.Debug|x86.ActiveCfg = Debug|Win32
		{E4EC0B02-7274-4709-B14A-6EB4849F9CFA}.Debug|x86.Build.0 = Debug|Win32
		{E4EC0B02-7274-4709-B14A-6EB4849F9CFA}.Release|x64.ActiveCfg = Release|x64
		{E4EC0B02-7274-4709-B14A-6EB4849F9CFA}.Release|x64.Build.0 = Release|x64
		{E4EC0B02-7274-4709-B14A-6EB4849F9CFA}.Release|x86.ActiveCfg = Release|Win32
		{E4EC0B02-7274-4709-B14A-6EB4849F9CFA}.Release|x86.Build.0 = Release|Win32
		{5141F63B-7A0C-4555-9D5C-6B87FCAEF52D}.Debug|x64.ActiveCfg = Debug|x64
		{5141F63B-7A0C-4555-9D5C-6B87FCAEF52D}.Debug|x64.Build.0 = Debug|x64
		{5141F63B-7A0C-4555-9D5C-6B87FCAEF52D}.Debug|x86.ActiveCfg = Debug|Win32
		{5141F63B-7A0C-4555-9D5C-6B87FCAEF52D}.Debug|x86.Build.0 = Debug|Win32
		{5141F63B-7A0C-4555-9D5C-6B87FCAEF52D}.Release|x64.ActiveCfg = Release|x64
		{5141F63B-7A0C-4555-9D5C-6B87FCAEF52D}.Release|x64.Build.0 = Release|x64
		{5141F63B-7A0C-4555-9D5C-6B87FCAEF52D}.Release|x86.ActiveCfg = Release|Win32
		{5141F63B-7A0C-4555-9D5C-6B87FCAEF52D}.Release|x86.Build.0 = Release|Win32
		{4B9FBDFB-A423-47B5-9BC0-4D88913561F5}.Debug|x64.ActiveCfg = Debug|x64
		{4B9FBDFB-A423-47B5-9BC0-4D88913561F5}.Debug|x64.Build.0 = Debug|x64
		{4B9FBDFB-A423-47B5-9BC0-4D88913561F5}.Debug|x86.ActiveCfg = Debug|Win32
		{4B9FBDFB-A423-47B5-9BC0-4D88913561F5}.Debug|x86.Build.0 = Debug|Win32
		{4B9FBDFB-A423-47B5-9BC0-4D88913561F5}.Release|x64.ActiveCfg = Release|x64
		{4B9FBDFB-A423-47B5-9BC0-4D88913561F5}.Release|x64.Build.0 = Release|x64
		{4B9FBDFB-A423-47B5-9BC0-4D88913561F5}.Release|x86.ActiveCfg = Release|Win32
		{4B9FBDFB-A423-47B5-9BC0-4D88913561F5}.Release|x86.Build.0 = Release|Win32
		{0340590F-012E-41FE-985D-2A3BF7645181}.Debug|x64.ActiveCfg = Debug|x64
		{0340590F-012E-41FE-985D-2A3BF7645181}.Debug|x64.Build.0 = Debug|x64
		{0340590F-012E-41FE-985D-2A3BF7645181}.Debug|x86.ActiveCfg = Debug|Win32
		{0340590F-012E-41FE-985D-2A3BF7645181}.Debug|x86.Build.0 = Debug|Win32
		{0340590F-012E-41FE-985D-2A3BF7645181}.Release|x64.ActiveCfg = Release|x64
		{0340590F-012E-41FE-985D-2A3BF7645181}.Release|x64.Build.0 = Release|x64
		{0340590F-012E-41FE-985D-2A3BF7645181}.Release|x86.ActiveCfg = Release|Win32
		{0340590F-012E-41FE-985D-2A3BF7645181}.Release|x86.Build.0 = Release|Win32
		{02EF2EA5-9012-4415-B3A2-6CCBD108EB9F}.Debug|x64.ActiveCfg = Debug|x64
		{02EF2EA5-9012-4415-B3A2-6CCBD108EB9F}.Debug|x64.Build.0 = Debug|x64
		{02EF2EA5-9012-4415-B3A2-6CCBD108EB9F}.Debug|x86.ActiveCfg = Debug|Win32
		{02EF2EA5-9012-4415-B3A2-6CCBD108EB9F}.Debug|x86.Build.0 = Debug|Win32
		{02EF2EA5-9012-4415-B3A2-6CCBD108EB9F}.Release|x64.ActiveCfg = Release|x64
		{02EF2EA5-9012-4415-B3A2-6CCBD108EB9F}.Release|x64.Build.0 = Release|x64
		{02EF2EA5-9012-4415-B3A2-6CCBD108EB9F}.Release|x86.ActiveCfg = Release|Win32
		{02EF2EA5-9012-4415-B3A2-6CCBD108EB9F}.Release|x86.Build.0 = Release|Win32
		{5E30D066-9D7B-4A23-B4B7-2D7FEB0986D6}.Debug|x64.ActiveCfg = Debug|x64
		{5E30D066-9D7B-4A23-B4B7-2D7FEB0986D6}.Debug|x64.Build.0 = Debug|x64
		{5E30D066-9D7B-4A23-B4B7-2D7FEB0986D6}.Debug|x86.ActiveCfg = Debug|Win32
		{5E30D066-9D7B-4A23-B4B7-2D7FEB0986D6}.Debug|x86.Build.0 = Debug|Win32
		{5E30D066-9D7B-4A23-B4B7-2D7FEB0986D6}.Release|x64.ActiveCfg = Release|x64
		{5E30D066-9D7B-4A23-B4B7-2D7FEB0986D6}.Release|x64.Build.0 = Release|x64
		{5E30D066-9D7B-4A23-B4B7-2D7FEB0986D6}.Release|x86.ActiveCfg = Release|Win32
		{5E30D066-9D7B-4A23-B4B7-2D7FEB0986D6}.Release|x86.Build.0 = Release|Win32
		{9066AC96-7E89-4051-9A8B-AD89E214586F}.Debug|x64.ActiveCfg = Debug|x64
		{9066AC96-7E89-4051-9A8B-AD89E214586F}.Debug|x64.Build.0 = Debug|x64
		{9066AC96-7E89-4051-9A8B-AD89E214586F}.Debug|x86.ActiveCfg = Debug|Win32
		{9066AC96-7E89-4051-9A8B-AD89E214586F}.Debug|x86.Build.0 = Debug|Win32
		{9066AC96-7E89-4051-9A8B-AD89E214586F}.Release|x64.ActiveCfg = Release|x64
		{9066AC96-7E89-4051-9A8B-AD89E214586F}.Release|x64.Build.0 = Release|x64
		{9066AC96-7E89-4051-9A8B-AD89E214586F}.Release|x86.ActiveCfg = Release|Win32
		{9066AC96-7E89-4051-9A8B-AD89E214586F}.Release|x86.Build.0 = Release|Win32
		{4C30B29C-CF25-4EF1-ABEC-7AC004F52CDC}.Debug|x64.ActiveCfg = Debug|x64
		{4C30B29C-CF25-4EF1-ABEC-7AC004F52CDC}.Debug|x64.Build.0 = Debug|x64
		{4C30B29C-CF25-4EF1-ABEC-7AC004F52CDC}.Debug|x86.ActiveCfg = Debug|Win32
		{4C30B29C-CF25-4EF1-ABEC-7AC004F52CDC}.Debug|x86.Build.0 = Debug|Win32
		{4C30B29C-CF25-4EF1-ABEC-7AC004F52CDC}.Release|x64.ActiveCfg = Release|x64
		{4C30B29C-CF25-4EF1-ABEC-7AC004F52CDC}.Release|x64.Build.0 = Release|x64
		{4C30B29C-CF25-4EF1-ABEC-7AC004F52CDC}.Release|x86.ActiveCfg = Release|Win32
		{4C30B29C-CF25-4EF1-ABEC-7AC004F52CDC}.Release|x86.Build.0 = Release|Win32
		{AF4D03C4-C3B4-4F76-8F3C-F399ACE4BC8C}.Debug|x64.ActiveCfg = Debug|x64
		{AF4D03C4-C3B4-4F76-8F3C-F399ACE4BC8C}.Debug|x64.Build.0 = Debug|x64
		{AF4D03C4-C3B4-4F76-8F3C-F399ACE4BC8C}.Debug|x86.ActiveCfg = Debug|Win32
		{AF4D03C4-C3B4-4F76-8F3C-F399ACE4BC8C}.Debug|x86.Build.0 = Debug|Win32
		{AF4D03C4-C3B4-4F76-8F3C-F399ACE4BC8C}.Release|x64.ActiveCfg = Release|x64
		{AF4D03C4-C3B4-4F76-8F3C-F399ACE4BC8C}.Release|x64.Build.0 = Release|x64
		{AF4D03C4-C3B4-4F76-8F3C-F399ACE4BC8C}.Release|x86.ActiveCfg = Release|Win32
		{AF4D03C4-C3B4-4F76-8F3C-F399ACE4BC8C}.Release|x86.Build.0 = Release|Win32
		{061E8EE7-285E-43F2-B54A-50BF6260141C}.Debug|x64.ActiveCfg = Debug|x64
		{061E8EE7-285E-43F2-B54A-50BF6260141C}.Debug|x64.Build.0 = Debug|x64
		{061E8EE7-285E-43F2-B54A-50BF6260141C}.Debug|x86.ActiveCfg = Debug|Win32
		{061E8EE7-285E-43F2-B54A-50BF6260141C}.Debug|x86.Build.0 = Debug|Win32
		{061E8EE7-285E-43F2-B54A-50BF6260141C}.Release|x64.ActiveCfg = Release|x64
		{061E8EE7-285E-43F2-B54A-50BF6260141C}.Release|x64.Build.0 = Release|x64
		{061E8EE7-285E-43F2-B54A-50BF6260141C}.Release|x86.ActiveCfg = Release|Win32
		{061E8EE7-285E-43F2-B54A-50BF6260141C}.Release|x86.Build.0 = Release|Win32
		{9E8DE25F-BD5C-444C-98DB-2061FA66CBEB}.Debug|x64.ActiveCfg = Debug|x64
		{9E8DE25F-BD5C-444C-98DB-2061FA66CBEB}.Debug|x64.Build.0 = Debug|x64
		{9E8DE25F-BD5C-444C-98DB-2061FA66CBEB}.Debug|x86.ActiveCfg = Debug|Win32
		{9E8DE25F-BD5C-444C-98DB-2061FA66CBEB}.Debug|x86.Build.0 = Debug|Win32
		{9E8DE25F-BD5C-444C-98DB-2061FA66CBEB}.Release|x64.ActiveCfg = Release|x64
		{9E8DE25F-BD5C-444C-98DB-2061FA66CBEB}.Release|x64.Build.0 = Release|x64
		{9E8DE25F-BD5C-444C-98DB-2061FA66CBEB}.Release|x86.ActiveCfg = Release|Win32
		{9E8DE25F-BD5C-444C-98DB-2061FA66CBEB}.Release|x86.Build.0 = Release|Win32
		{B3DC79C3-75DA-4B76-8237-EC1C2CB08A91}.Debug|x64.ActiveCfg = Debug|x64
		{B3DC79C3-75DA-4B76-8237-EC1C2CB08A91}.Debug|x64.Build.0 = Debug|x64
		{B3DC79C3-75DA-4B76-8237-EC1C2CB08A91}.Debug|x86.ActiveCfg = Debug|Win32
		{B3DC79C3-75DA-4B76-8237-EC1C2CB08A91}.Debug|x86.Build.0 = Debug|Win32
		{B3DC79C3-75DA-4B76-8237-EC1C2CB08A91}.Release|x64.ActiveCfg = Release|x64
		{B3DC79C3-75DA-4B76-8237-EC1C2CB08A91}.Release|x64.Build.0 = Release|x64
		{B3DC79C3-75DA-4B76-8237-EC1C2CB08A91}.Release|x86.ActiveCfg = Release|Win32
		{B3DC79C3-75DA-4B76-8237-EC1C2CB08A91}.Release|x86.Build.0 = Release|Win32
		{0697D4A2-8152-4898-893B-70DFE5240F60}.Debug|x64.ActiveCfg = Debug|x64
		{0697D4A2-8152-4898-893B-70DFE5240F60}.Debug|x64.Build.0 = Debug|x64
		{0697D4A2-8152-4898-893B-70DFE5240F60}.Debug|x86.ActiveCfg = Debug|Win32
		{0697D4A2-8152-4898-893B-70DFE5240F60}.Debug|x86.Build.0 = Debug|Win32
		{0697D4A2-8152-4898-893B-70DFE5240F60}.Release|x64.ActiveCfg = Release|x64
		{0697D4A2-8152-4898-893B-70DFE5240F60}.Release|x64.Build.0 = Release|x64
		{0697D4A2-8152-4898-893B-70DFE5240F60}.Release|x86.ActiveCfg = Release|Win32
		{0697D4A2-8152-4898-893B-70DFE5240F60}.Release|x86.Build.0 = Release|Win32
		{72922FD0-7CC0-4646-B2ED-9C1DC25CFDB5}.Debug|x64.ActiveCfg = Debug|x64
		{72922FD0-7CC0-4646-B2ED-9C1DC25CFDB5}.Debug|x64.Build.0 = Debug|x64
		{72922FD0-7CC0-4646-B2ED-9C1DC25CFDB5}.Debug|x86.ActiveCfg = Debug|Win32
		{72922FD0-7CC0-4646-B2ED-9C1DC25CFDB5}.Debug|x86.Build.0 = Debug|Win32
		{72922FD0-7CC0-4646-B2ED-9C1DC25CFDB5}.Release|x64.ActiveCfg = Release|x64
		{72922FD0-7CC0-4646-B2ED-9C1DC25CFDB5}.Release|x64.Build.0 = Release|x64
		{72922FD0-7CC0-4646-B2ED-9C1DC25CFDB5}.Release|x86.ActiveCfg = Release|Win32
		{72922FD0-7CC0-4646-B2ED-9C1DC25CFDB5}.Release|x86.Build.0 = Release|Win32
		{84C7511F-FB46-4811-B7D9-4E7B9C147EE9}.Debug|x64.ActiveCfg = Debug|x64
		{84C7511F-FB46-4811-B7D9-4E7B9C147EE9}.Debug|x64.Build.0 = Debug|x64
		{84C7511F-FB46-4811-B7D9-4E7B9C147EE9}.Debug|x86.ActiveCfg = Debug|Win32
		{84C7511F-FB46-4811-B7D9-4E7B9C147EE9}.Debug|x86.Build.0 = Debug|Win32
		{84C7511F-FB46-4811-B7D9-4E7B9C147EE9}.Release|x64.ActiveCfg = Release|x64
		{84C7511F-FB46-4811-B7D9-4E7B9C147EE9}.Release|x64.Build.0 = Release|x64
		{84C7511F-FB46-4811-B7D9-4E7B9C147EE9}.Release|x86.ActiveCfg = Release|Win32
		{84C7511F-FB46-4811-B7D9-4E7B9C147EE9}.Release|x86.Build.0 = Release|Win32
		{6428C25C-A634-4EA9-A9D7-8B4E4F3CADFA}.Debug|x64.ActiveCfg = Debug|x64
		{6428C25C-A634-4EA9-A9D7-8B4E4F3CADFA}.Debug|x64.Build.0 = Debug|x64
		{6428C25C-A634-4EA9-A9D7-8B4E4F3CADFA}.Debug|x86.ActiveCfg = Debug|Win32
		{6428C25C-A634-4EA9-A9D7-8B4E4F3CADFA}.Debug|x86.Build.0 = Debug|Win32
		{6428C25C-A634-4EA9-A9D7-8B4E4F3CADFA}.Release|x64.ActiveCfg = Release|x64
		{6428C25C-A634-4EA9-A9D7-8B4E4F3CADFA}.Release|x64.Build.0 = Release|x64
		{6428C25C-A634-4EA9-A9D7-8B4E4F3CADFA}.Release|x86.ActiveCfg = Release|Win32
		{6428C25C-A634-4EA9-A9D7-8B4E4F3CADFA}.Release|x86.Build.0 = Release|Win32
		{A06D5BCD-7DF7-4E5C-B836-96F962B64392}.Debug|x64.ActiveCfg = Debug|x64
		{A06D5BCD-7DF7-4E5C-B836-96F962B64392}.Debug|x64.Build.0 = Debug|x64
		{A06D5BCD-7DF7-4E5C-B836-96F962B64392}.Debug|x86.ActiveCfg = Debug|Win32
		{A06D5BCD-7DF7-4E5C-B836-96F962B64392}.Debug|x86.Build.0 = Debug|Win32
		{A06D5BCD-7DF7-4E5C-B836-96F962B64392}.Release|x64.ActiveCfg = Release|x64
		{A06D5BCD-7DF7-4E5C-B836-96F962B64392}.Release|x64.Build.0 = Release|x64
		{A06D5BCD-7DF7-4E5C-B836-96F962B64392}.Release|x86.ActiveCfg = Release|Win32
		{A06D5BCD-7DF7-4E5C-B836-96F962B64392}.Release|x86.Build.0 = Release|Win32
		{59206165-E50F-47C8-B3E5-8AF9F2B0AA9C}.Debug|x64.ActiveCfg = Debug|x64
		{59206165-E50F-47C8-B3E5-8AF9F2B0AA9C}.Debug|x64.Build.0 = Debug|x64
		{59206165-E50F-47C8-B3E5-8AF9F2B0AA9C}.Debug|x86.ActiveCfg = Debug|Win32
		{59206165-E50F-47C8-B3E5-8AF9F2B0AA9C}.Debug|x86.Build.0 = Debug|Win32
		{59206165-E50F-47C8-B3E5-8AF9F2B0AA9C}.Release|x64.ActiveCfg = Release|x64
		{59206165-E50F-47C8-B3E5-8AF9F2B0AA9C}.Release|x64.Build.0 = Release|x64
		{59206165-E50F-47C8-B3E5-8AF9F2B0AA9C}.Release|x86.ActiveCfg = Release|Win32
		{59206165-E50F-47C8-B3E5-8AF9F2B0AA9C}.Release|x86.Build.0 = Release|Win32
		{19D0D982-AF7A-46CE-B5EF-8776F41F49D0}.Debug|x64.ActiveCfg = Debug|x64
		{19D0D982-AF7A-46CE-B5EF-8776F41F49D0}.Debug|x64.Build.0 = Debug|x64
		{19D0D982-AF7A-46CE-B5EF-8776F41F49D0}.Debug|x86.ActiveCfg = Debug|Win32
		{19D0D982-AF7A-46CE-B5EF-8776F41F49D0}.Debug|x86.Build.0 = Debug|Win32
		{19D0D982-AF7A-46CE-B5EF-8776F41F49D0}.Release|x64.ActiveCfg = Release|x64
		{19D0D982-AF7A-46CE-B5EF-8776F41F49D0}.Release|x64.Build.0 = Release|x64
		{19D0D982-AF7A-46CE-B5EF-8776F41F49D0}.Release|x86.ActiveCfg = Release|Win32
		{19D0D982-AF7A-46CE-B5EF-8776F41F49D0}.Release|x86.Build.0 = Release|Win32
		{EEFA87E2-FF82-4E0D-ABAE-23A850D442C1}.Debug|x64.ActiveCfg = Debug|x64
		{EEFA87E2-FF82-4E0D-ABAE-23A850D442C1}.Debug|x64.Build.0 = Debug|x64
		{EEFA87E2-FF82-4E0D-ABAE-23A850D442C1}.Debug|x86.ActiveCfg = Debug|Win32
		{EEFA87E2-FF82-4E0D-ABAE-23A850D442C1}.Debug|x86.Build.0 = Debug|Win32
		{EEFA87E2-FF82-4E0D-ABAE-23A850D442C1}.Release|x64.ActiveCfg = Release|x64
		{EEFA87E2-FF82-4E0D-ABAE-23A850D442C1}.Release|x64.Build.0 = Release|x64
		{EEFA87E2-FF82-4E0D-ABAE-23A850D442C1}.Release|x86.ActiveCfg = Release|Win32
		{EEFA87E2-FF82-4E0D-ABAE-23A850D442C1}.Release|x86.Build.0 = Release|Win32
		{B55536D8-CFDE-423A-87F7-8750AF2F38ED}.Debug|x64.ActiveCfg = Debug|x64
		{B55536D8-CFDE-423A-87F7-8750AF2F38ED}.Debug|x64.Build.0 = Debug|x64
		{B55536D8-CFDE-423A-87F7-8750AF2F38ED}.Debug|x86.ActiveCfg = Debug|Win32
		{B55536D8-CFDE-423A-87F7-8750AF2F38ED}.Debug|x86.Build.0 = Debug|Win32
		{B55536D8-CFDE-423A-87F7-8750AF2F38ED}.Release|x64.ActiveCfg = Release|x64
		{B55536D8-CFDE-423A-87F7-8750AF2F38ED}.Release|x64.Build.0 = Release|x64
		{B55536D8-CFDE-423A-87F7-8750AF2F38ED}.Release|x86.ActiveCfg = Release|Win32
		{B55536D8-CFDE-423A-87F7-8750AF2F38ED}.Release|x86.Build.0 = Release|Win32
		{1B4925C9-2E79-4F15-8C0C-9D56E4EED7E7}.Debug|x64.ActiveCfg = Debug|x64
		{1B4925C9-2E79-4F15-8C0C-9D56E4EED7E7}.Debug|x64.Build.0 = Debug|x64
		{1B4925C9-2E79-4F15-8C0C-9D56E4EED7E7}.Debug|x86.ActiveCfg = Debug|Win32
		{1B4925C9-2E79-4F15-8C0C-9D56E4EED7E7}.Debug|x86.Build.0 = Debug|Win32
		{1B4925C9-2E79-4F15-8C0C-9D56E4EED7E7}.Release|x64.ActiveCfg = Release|x64
		{1B4925C9-2E79-4F15-8C0C-9D56E4EED7E7}.Release|x64.Build.0 = Release|x64
		{1B4925C9-2E79-4F15-8C0C-9D56E4EED7E7}.Release|x86.ActiveCfg = Release|Win32
		{1B4925C9-2E79-4F15-8C0C-9D56E4EED7E7}.Release|x86.Build.0 = Release|Win32
		{610BBEBC-D614-44E6-9B12-7C60F6CB19B4}.Debug|x64.ActiveCfg = Debug|x64
		{610BBEBC-D614-44E6-9B12-7C60F6CB19B4}.Debug|x64.Build.0 = Debug|x64
		{610BBEBC-D614-44E6-9B12-7C60F6CB19B4}.Debug|x86.ActiveCfg = Debug|Win32
		{610BBEBC-D614-44E6-9B12-7C60F6CB19B4}.Debug|x86.Build.0 = Debug|Win32
		{610BBEBC-D614-44E6-9B12-7C60F6CB19B4}.Release|x64.ActiveCfg = Release|x64
		{610BBEBC-D614-44E6-9B12-7C60F6CB19B4}.Release|x64.Build.0 = Release|x64
		{610BBEBC-D614-44E6-9B12-7C60F6CB19B4}.Release|x86.ActiveCfg = Release|Win32
		{610BBEBC-D614-44E6-9B12-7C60F6CB19B4}.Release|x86.Build.0 = Release|Win32
		{F5F35699-9476-41E9-9C6A-8EFD4A98067C}.Debug|x64.ActiveCfg = Debug|x64
		{F5F35699-9476-41E9-9C6A-8EFD4A98067C}.Debug|x64.Build.0 = Debug|x64
		{F5F35699-9476-41E9-9C6A-8EFD4A98067C}.Debug|x86.ActiveCfg = Debug|Win32
		{F5F35699-9476-41E9-9C6A-8EFD4A98067C}.Debug|x86.Build.0 = Debug|Win32
		{F5F35699-9476-41E9-9C6A-8EFD4A98067C}.Release|x64.ActiveCfg = Release|x64
		{F5F35699-9476-41E9-9C6A-8EFD4A98067C}.Release|x64.Build.0 = Release|x64
		{F5F35699-9476-41E9-9C6A-8EFD4A98067C}.Release|x86.ActiveCfg = Release|Win32
		{F5F35699-9476-41E9-9C6A-8EFD4A98067C}.Release|x86.Build.0 = Release|Win32
		{B2060150-C1F2-48EF-A99C-4234BB025C00}.Debug|x64.ActiveCfg = Debug|x64
		{B2060150-C1F2-48EF-A99C-4234BB025C00}.Debug|x64.Build.0 = Debug|x64
		{B2060150-C1F2-48EF-A99C-4234BB025C00}.Debug|x86.ActiveCfg = Debug|Win32
		{B2060150-C1F2-48EF-A99C-4234BB025C00}.Debug|x86.Build.0 = Debug|Win32
		{B2060150-C1F2-48EF-A99C-4234BB025C00}.Release|x64.ActiveCfg = Release|x64
		{B2060150-C1F2-48EF-A99C-4234BB025C00}.Release|x64.Build.0 = Release|x64
		{B2060150-C1F2-48EF-A99C-4234BB025C00}.Release|x86.ActiveCfg = Release|Win32
		{B2060150-C1F2-48EF-A99C-4234BB025C00}.Release|x86.Build.0 = Release|Win32
		{76DA5836-0730-4EAB-8320-3E339F7A856E}.Debug|x64.ActiveCfg = Debug|x64
		{76DA5836-0730-4EAB-8320-3E339F7A856E}.Debug|x64.Build.0 = Debug|x64
		{76DA5836-0730-4EAB-8320-3E339F7A856E}.Debug|x86.ActiveCfg = Debug|Win32
		{76DA5836-0730-4EAB-8320-3E339F7A856E}.Debug|x86.Build.0 = Debug|Win32
		{76DA5836-0730-4EAB-8320-3E339F7A856E}.Release|x64.ActiveCfg = Release|x64
		{76DA5836-0730-4EAB-8320-3E339F7A856E}.Release|x64.Build.0 = Release|x64
		{76DA5836-0730-4EAB-8320-3E339F7A856E}.Release|x86.ActiveCfg = Release|Win32
		{76DA5836-0730-4EAB-8320-3E339F7A856E}.Release|x86.Build.0 = Release|Win32
		{4280A611-9DCA-4CC5-AB9B-E99DDEC7501F}.Debug|x64.ActiveCfg = Debug|x64
		{4280A611-9DCA-4CC5-AB9B-E99DDEC7501F}.Debug|x64.Build.0 = Debug|x64
		{4280A611-9DCA-4CC5-AB9B-E99DDEC7501F}.Debug|x86.ActiveCfg = Debug|Win32
		{4280A611-9DCA-4CC5-AB9B-E99DDEC7501F}.Debug|x86.Build.0 = Debug|Win32
		{4280A611-9DCA-4CC5-AB9B-E99DDEC7501F}.Release|x64.ActiveCfg = Release|x64
		{4280A611-9DCA-4CC5-AB9B-E99DDEC7501F}.Release|x64.Build.0 = Release|x64
		{4280A611-9DCA-4CC5-AB9B-E99DDEC7501F}.Release|x86.ActiveCfg = Release|Win32
		{4280A611-9DCA-4CC5-AB9B-E99DDEC7501F}.Release|x86.Build.0 = Release|Win32
	EndGlobalSection
	GlobalSection(SolutionProperties) = preSolution
		HideSolutionNode = FALSE
	EndGlobalSection
	GlobalSection(ExtensibilityGlobals) = postSolution
		SolutionGuid = {9C1183E5-5B98-4F47-97B6-F93D22BFD490}
	EndGlobalSection
EndGlobal
